// !$*UTF8*$!
{
	archiveVersion = 1;
	classes = {
	};
	objectVersion = 46;
	objects = {

/* Begin PBXBuildFile section */
		6E14569515C7DC94005AC6EA /* bg_settings.png in Resources */ = {isa = PBXBuildFile; fileRef = 6E14569315C7DC94005AC6EA /* bg_settings.png */; };
		6E14569615C7DC94005AC6EA /* bg_settings@2x.png in Resources */ = {isa = PBXBuildFile; fileRef = 6E14569415C7DC94005AC6EA /* bg_settings@2x.png */; };
		6E15B29315C7D08700789D78 /* SettingsViewController.m in Sources */ = {isa = PBXBuildFile; fileRef = 6E15B29115C7D08700789D78 /* SettingsViewController.m */; };
		6E15B29415C7D08700789D78 /* SettingsViewController.xib in Resources */ = {isa = PBXBuildFile; fileRef = 6E15B29215C7D08700789D78 /* SettingsViewController.xib */; };
		6E2974ED1505EC77001A2FEE /* QuartzCore.framework in Frameworks */ = {isa = PBXBuildFile; fileRef = 6E2974EC1505EC77001A2FEE /* QuartzCore.framework */; };
		6E4C77351510895900B46D7A /* Default.png in Resources */ = {isa = PBXBuildFile; fileRef = 6E4C77311510895900B46D7A /* Default.png */; };
		6E4C77361510895900B46D7A /* Default@2x.png in Resources */ = {isa = PBXBuildFile; fileRef = 6E4C77321510895900B46D7A /* Default@2x.png */; };
		6E4C77371510895900B46D7A /* nav_bar.png in Resources */ = {isa = PBXBuildFile; fileRef = 6E4C77331510895900B46D7A /* nav_bar.png */; };
		6E4C77381510895900B46D7A /* nav_bar@2x.png in Resources */ = {isa = PBXBuildFile; fileRef = 6E4C77341510895900B46D7A /* nav_bar@2x.png */; };
		6E5AB21015CF19E700CECDE3 /* MessageUI.framework in Frameworks */ = {isa = PBXBuildFile; fileRef = 6E5AB20F15CF19E700CECDE3 /* MessageUI.framework */; };
		6E640A551513C1550030B1F1 /* Settings.bundle in Resources */ = {isa = PBXBuildFile; fileRef = 6E640A541513C1550030B1F1 /* Settings.bundle */; };
		6E66D3651502082D001BAE53 /* solat.plist in Resources */ = {isa = PBXBuildFile; fileRef = 6E66D3641502082D001BAE53 /* solat.plist */; };
		6E66D393150246C9001BAE53 /* headerView.png in Resources */ = {isa = PBXBuildFile; fileRef = 6E66D38B150246C9001BAE53 /* headerView.png */; };
		6E66D394150246C9001BAE53 /* headerView@2x.png in Resources */ = {isa = PBXBuildFile; fileRef = 6E66D38C150246C9001BAE53 /* headerView@2x.png */; };
		6E779544160F49B6009504D9 /* Default-568h@2x.png in Resources */ = {isa = PBXBuildFile; fileRef = 6E779543160F49B6009504D9 /* Default-568h@2x.png */; };
		6E779557160F531B009504D9 /* sidebarButton.png in Resources */ = {isa = PBXBuildFile; fileRef = 6E779555160F531B009504D9 /* sidebarButton.png */; };
		6E779558160F531B009504D9 /* sidebarButton@2x.png in Resources */ = {isa = PBXBuildFile; fileRef = 6E779556160F531B009504D9 /* sidebarButton@2x.png */; };
		6E779560160F5EF5009504D9 /* zohor.png in Resources */ = {isa = PBXBuildFile; fileRef = 6E77955E160F5EF5009504D9 /* zohor.png */; };
		6E779561160F5EF5009504D9 /* zohor@2x.png in Resources */ = {isa = PBXBuildFile; fileRef = 6E77955F160F5EF5009504D9 /* zohor@2x.png */; };
		6E779564160F6000009504D9 /* imsak.png in Resources */ = {isa = PBXBuildFile; fileRef = 6E779562160F6000009504D9 /* imsak.png */; };
		6E779565160F6000009504D9 /* imsak@2x.png in Resources */ = {isa = PBXBuildFile; fileRef = 6E779563160F6000009504D9 /* imsak@2x.png */; };
		6E779568160F60A8009504D9 /* subuh.png in Resources */ = {isa = PBXBuildFile; fileRef = 6E779566160F60A8009504D9 /* subuh.png */; };
		6E779569160F60A8009504D9 /* subuh@2x.png in Resources */ = {isa = PBXBuildFile; fileRef = 6E779567160F60A8009504D9 /* subuh@2x.png */; };
		6E77956C160F614B009504D9 /* syuruk.png in Resources */ = {isa = PBXBuildFile; fileRef = 6E77956A160F614B009504D9 /* syuruk.png */; };
		6E77956D160F614B009504D9 /* syuruk@2x.png in Resources */ = {isa = PBXBuildFile; fileRef = 6E77956B160F614B009504D9 /* syuruk@2x.png */; };
		6E779570160F6206009504D9 /* asar.png in Resources */ = {isa = PBXBuildFile; fileRef = 6E77956E160F6205009504D9 /* asar.png */; };
		6E779571160F6206009504D9 /* asar@2x.png in Resources */ = {isa = PBXBuildFile; fileRef = 6E77956F160F6205009504D9 /* asar@2x.png */; };
		6E779574160F6257009504D9 /* maghrib.png in Resources */ = {isa = PBXBuildFile; fileRef = 6E779572160F6256009504D9 /* maghrib.png */; };
		6E779575160F6257009504D9 /* maghrib@2x.png in Resources */ = {isa = PBXBuildFile; fileRef = 6E779573160F6257009504D9 /* maghrib@2x.png */; };
		6E779578160F6307009504D9 /* isyak.png in Resources */ = {isa = PBXBuildFile; fileRef = 6E779576160F6307009504D9 /* isyak.png */; };
		6E779579160F6307009504D9 /* isyak@2x.png in Resources */ = {isa = PBXBuildFile; fileRef = 6E779577160F6307009504D9 /* isyak@2x.png */; };
		6E7795B5160F8054009504D9 /* backButton.png in Resources */ = {isa = PBXBuildFile; fileRef = 6E7795B3160F8054009504D9 /* backButton.png */; };
		6E7795B6160F8054009504D9 /* backButton@2x.png in Resources */ = {isa = PBXBuildFile; fileRef = 6E7795B4160F8054009504D9 /* backButton@2x.png */; };
		6E7795B9160F8A1D009504D9 /* cellBackground.png in Resources */ = {isa = PBXBuildFile; fileRef = 6E7795B7160F8A1D009504D9 /* cellBackground.png */; };
		6E7795BA160F8A1D009504D9 /* cellBackground@2x.png in Resources */ = {isa = PBXBuildFile; fileRef = 6E7795B8160F8A1D009504D9 /* cellBackground@2x.png */; };
		6E7795BD160F8DFF009504D9 /* mainBackground.png in Resources */ = {isa = PBXBuildFile; fileRef = 6E7795BB160F8DFF009504D9 /* mainBackground.png */; };
		6E7795BE160F8DFF009504D9 /* mainBackground@2x.png in Resources */ = {isa = PBXBuildFile; fileRef = 6E7795BC160F8DFF009504D9 /* mainBackground@2x.png */; };
		6E7795CD160F9FAE009504D9 /* back-arrow.png in Resources */ = {isa = PBXBuildFile; fileRef = 6E7795C4160F9FAE009504D9 /* back-arrow.png */; };
		6E7795CE160F9FAE009504D9 /* back-arrow@2x.png in Resources */ = {isa = PBXBuildFile; fileRef = 6E7795C5160F9FAE009504D9 /* back-arrow@2x.png */; };
		6E7795D1160F9FAE009504D9 /* MFSideMenuManager.m in Sources */ = {isa = PBXBuildFile; fileRef = 6E7795CA160F9FAE009504D9 /* MFSideMenuManager.m */; };
		6E7795D2160F9FAE009504D9 /* UIViewController+MFSideMenu.m in Sources */ = {isa = PBXBuildFile; fileRef = 6E7795CC160F9FAE009504D9 /* UIViewController+MFSideMenu.m */; };
		6E7795D9160FA040009504D9 /* SideMenuViewController.m in Sources */ = {isa = PBXBuildFile; fileRef = 6E7795D8160FA040009504D9 /* SideMenuViewController.m */; };
		6E7795DC160FA818009504D9 /* sidebarCell.png in Resources */ = {isa = PBXBuildFile; fileRef = 6E7795DA160FA818009504D9 /* sidebarCell.png */; };
		6E7795DD160FA818009504D9 /* sidebarCell@2x.png in Resources */ = {isa = PBXBuildFile; fileRef = 6E7795DB160FA818009504D9 /* sidebarCell@2x.png */; };
		6E7795E0160FA9C1009504D9 /* sidebarCellSelected.png in Resources */ = {isa = PBXBuildFile; fileRef = 6E7795DE160FA9C1009504D9 /* sidebarCellSelected.png */; };
		6E7795E1160FA9C1009504D9 /* sidebarCellSelected@2x.png in Resources */ = {isa = PBXBuildFile; fileRef = 6E7795DF160FA9C1009504D9 /* sidebarCellSelected@2x.png */; };
		6E7795F4160FBFF8009504D9 /* icnGeolocation.png in Resources */ = {isa = PBXBuildFile; fileRef = 6E7795F2160FBFF8009504D9 /* icnGeolocation.png */; };
		6E7795F5160FBFF8009504D9 /* icnGeolocation@2x.png in Resources */ = {isa = PBXBuildFile; fileRef = 6E7795F3160FBFF8009504D9 /* icnGeolocation@2x.png */; };
		6E7795F8160FC106009504D9 /* icnQibla.png in Resources */ = {isa = PBXBuildFile; fileRef = 6E7795F6160FC106009504D9 /* icnQibla.png */; };
		6E7795F9160FC106009504D9 /* icnQibla@2x.png in Resources */ = {isa = PBXBuildFile; fileRef = 6E7795F7160FC106009504D9 /* icnQibla@2x.png */; };
		6E7795FC160FC162009504D9 /* icnNotification.png in Resources */ = {isa = PBXBuildFile; fileRef = 6E7795FA160FC162009504D9 /* icnNotification.png */; };
		6E7795FD160FC162009504D9 /* icnNotification@2x.png in Resources */ = {isa = PBXBuildFile; fileRef = 6E7795FB160FC162009504D9 /* icnNotification@2x.png */; };
		6E779600160FC1EC009504D9 /* icnSettings.png in Resources */ = {isa = PBXBuildFile; fileRef = 6E7795FE160FC1EC009504D9 /* icnSettings.png */; };
		6E779601160FC1EC009504D9 /* icnSettings@2x.png in Resources */ = {isa = PBXBuildFile; fileRef = 6E7795FF160FC1EC009504D9 /* icnSettings@2x.png */; };
		6E779604160FC236009504D9 /* icnFeedback.png in Resources */ = {isa = PBXBuildFile; fileRef = 6E779602160FC236009504D9 /* icnFeedback.png */; };
		6E779605160FC236009504D9 /* icnFeedback@2x.png in Resources */ = {isa = PBXBuildFile; fileRef = 6E779603160FC236009504D9 /* icnFeedback@2x.png */; };
		6E779608160FC27D009504D9 /* icnCode.png in Resources */ = {isa = PBXBuildFile; fileRef = 6E779606160FC27D009504D9 /* icnCode.png */; };
		6E779609160FC27D009504D9 /* icnCode@2x.png in Resources */ = {isa = PBXBuildFile; fileRef = 6E779607160FC27D009504D9 /* icnCode@2x.png */; };
		6E77960C160FC712009504D9 /* icnHome.png in Resources */ = {isa = PBXBuildFile; fileRef = 6E77960A160FC712009504D9 /* icnHome.png */; };
		6E77960D160FC712009504D9 /* icnHome@2x.png in Resources */ = {isa = PBXBuildFile; fileRef = 6E77960B160FC712009504D9 /* icnHome@2x.png */; };
		6E779610160FCB1E009504D9 /* cellBackgroundLocation.png in Resources */ = {isa = PBXBuildFile; fileRef = 6E77960E160FCB1D009504D9 /* cellBackgroundLocation.png */; };
		6E779611160FCB1E009504D9 /* cellBackgroundLocation@2x.png in Resources */ = {isa = PBXBuildFile; fileRef = 6E77960F160FCB1E009504D9 /* cellBackgroundLocation@2x.png */; };
		6E779613160FFF0A009504D9 /* ProximaNova-Bold.otf in Resources */ = {isa = PBXBuildFile; fileRef = 6E779612160FFF0A009504D9 /* ProximaNova-Bold.otf */; };
		6E77961516100077009504D9 /* ProximaNova-Semibold.otf in Resources */ = {isa = PBXBuildFile; fileRef = 6E77961416100077009504D9 /* ProximaNova-Semibold.otf */; };
		6E77961816100364009504D9 /* proBadge.png in Resources */ = {isa = PBXBuildFile; fileRef = 6E77961616100364009504D9 /* proBadge.png */; };
		6E77961916100364009504D9 /* proBadge@2x.png in Resources */ = {isa = PBXBuildFile; fileRef = 6E77961716100364009504D9 /* proBadge@2x.png */; };
		6EB5F5061500F1AA00AF21BA /* libxml2.dylib in Frameworks */ = {isa = PBXBuildFile; fileRef = 6EB5F5051500F1AA00AF21BA /* libxml2.dylib */; };
		6EB5F5091500F2AC00AF21BA /* icon.png in Resources */ = {isa = PBXBuildFile; fileRef = 6EB5F5071500F2AC00AF21BA /* icon.png */; };
		6EB5F50A1500F2AC00AF21BA /* icon@2x.png in Resources */ = {isa = PBXBuildFile; fileRef = 6EB5F5081500F2AC00AF21BA /* icon@2x.png */; };
		6EB5F5171500F31F00AF21BA /* JakimPrayerTime.m in Sources */ = {isa = PBXBuildFile; fileRef = 6EB5F5121500F31F00AF21BA /* JakimPrayerTime.m */; };
		6EB5F5181500F31F00AF21BA /* JakimSolatParser.m in Sources */ = {isa = PBXBuildFile; fileRef = 6EB5F5141500F31F00AF21BA /* JakimSolatParser.m */; };
		6EB5F5191500F31F00AF21BA /* XPathQuery.m in Sources */ = {isa = PBXBuildFile; fileRef = 6EB5F5161500F31F00AF21BA /* XPathQuery.m */; };
		6EB5F51D1500F3F200AF21BA /* WaktuSolatViewController.m in Sources */ = {isa = PBXBuildFile; fileRef = 6EB5F51B1500F3F200AF21BA /* WaktuSolatViewController.m */; };
		6EB5F51E1500F3F200AF21BA /* WaktuSolatViewController.xib in Resources */ = {isa = PBXBuildFile; fileRef = 6EB5F51C1500F3F200AF21BA /* WaktuSolatViewController.xib */; };
		6EC72AD81539918100EA8132 /* toolbar_img.png in Resources */ = {isa = PBXBuildFile; fileRef = 6EC72AD61539918100EA8132 /* toolbar_img.png */; };
		6EC72AD91539918100EA8132 /* toolbar_img@2x.png in Resources */ = {isa = PBXBuildFile; fileRef = 6EC72AD71539918100EA8132 /* toolbar_img@2x.png */; };
		6ECFFB4614F8E8FA00151025 /* eSolat.plist in Resources */ = {isa = PBXBuildFile; fileRef = 6ECFFB4514F8E8FA00151025 /* eSolat.plist */; };
		6EE54957156E2D4A00CAA0EF /* btn_settings.png in Resources */ = {isa = PBXBuildFile; fileRef = 6EE54955156E2D4A00CAA0EF /* btn_settings.png */; };
		6EE54958156E2D4A00CAA0EF /* btn_settings@2x.png in Resources */ = {isa = PBXBuildFile; fileRef = 6EE54956156E2D4A00CAA0EF /* btn_settings@2x.png */; };
		9F86DBAC14F8E20500606189 /* UIKit.framework in Frameworks */ = {isa = PBXBuildFile; fileRef = 9F86DBAB14F8E20500606189 /* UIKit.framework */; };
		9F86DBAE14F8E20500606189 /* Foundation.framework in Frameworks */ = {isa = PBXBuildFile; fileRef = 9F86DBAD14F8E20500606189 /* Foundation.framework */; };
		9F86DBB014F8E20500606189 /* CoreGraphics.framework in Frameworks */ = {isa = PBXBuildFile; fileRef = 9F86DBAF14F8E20500606189 /* CoreGraphics.framework */; };
		9F86DBB614F8E20500606189 /* InfoPlist.strings in Resources */ = {isa = PBXBuildFile; fileRef = 9F86DBB414F8E20500606189 /* InfoPlist.strings */; };
		9F86DBB814F8E20500606189 /* main.m in Sources */ = {isa = PBXBuildFile; fileRef = 9F86DBB714F8E20500606189 /* main.m */; };
		9F86DBBC14F8E20500606189 /* AppDelegate.m in Sources */ = {isa = PBXBuildFile; fileRef = 9F86DBBB14F8E20500606189 /* AppDelegate.m */; };
		9F86DBBF14F8E20500606189 /* KawasanViewController.m in Sources */ = {isa = PBXBuildFile; fileRef = 9F86DBBE14F8E20500606189 /* KawasanViewController.m */; };
		9F86DBC214F8E20500606189 /* KawasanViewController.xib in Resources */ = {isa = PBXBuildFile; fileRef = 9F86DBC014F8E20500606189 /* KawasanViewController.xib */; };
/* End PBXBuildFile section */

/* Begin PBXFileReference section */
		6E14569315C7DC94005AC6EA /* bg_settings.png */ = {isa = PBXFileReference; lastKnownFileType = image.png; name = bg_settings.png; path = WaktuSolat/bg_settings.png; sourceTree = "<group>"; };
		6E14569415C7DC94005AC6EA /* bg_settings@2x.png */ = {isa = PBXFileReference; lastKnownFileType = image.png; name = "bg_settings@2x.png"; path = "WaktuSolat/bg_settings@2x.png"; sourceTree = "<group>"; };
		6E15B29015C7D08700789D78 /* SettingsViewController.h */ = {isa = PBXFileReference; fileEncoding = 4; lastKnownFileType = sourcecode.c.h; path = SettingsViewController.h; sourceTree = "<group>"; };
		6E15B29115C7D08700789D78 /* SettingsViewController.m */ = {isa = PBXFileReference; fileEncoding = 4; lastKnownFileType = sourcecode.c.objc; path = SettingsViewController.m; sourceTree = "<group>"; };
		6E15B29215C7D08700789D78 /* SettingsViewController.xib */ = {isa = PBXFileReference; fileEncoding = 4; lastKnownFileType = file.xib; path = SettingsViewController.xib; sourceTree = "<group>"; };
		6E2974EC1505EC77001A2FEE /* QuartzCore.framework */ = {isa = PBXFileReference; lastKnownFileType = wrapper.framework; name = QuartzCore.framework; path = System/Library/Frameworks/QuartzCore.framework; sourceTree = SDKROOT; };
		6E4C77311510895900B46D7A /* Default.png */ = {isa = PBXFileReference; lastKnownFileType = image.png; name = Default.png; path = WaktuSolat/Default.png; sourceTree = "<group>"; };
		6E4C77321510895900B46D7A /* Default@2x.png */ = {isa = PBXFileReference; lastKnownFileType = image.png; name = "Default@2x.png"; path = "WaktuSolat/Default@2x.png"; sourceTree = "<group>"; };
		6E4C77331510895900B46D7A /* nav_bar.png */ = {isa = PBXFileReference; lastKnownFileType = image.png; name = nav_bar.png; path = WaktuSolat/nav_bar.png; sourceTree = "<group>"; };
		6E4C77341510895900B46D7A /* nav_bar@2x.png */ = {isa = PBXFileReference; lastKnownFileType = image.png; name = "nav_bar@2x.png"; path = "WaktuSolat/nav_bar@2x.png"; sourceTree = "<group>"; };
		6E5AB20F15CF19E700CECDE3 /* MessageUI.framework */ = {isa = PBXFileReference; lastKnownFileType = wrapper.framework; name = MessageUI.framework; path = System/Library/Frameworks/MessageUI.framework; sourceTree = SDKROOT; };
		6E640A541513C1550030B1F1 /* Settings.bundle */ = {isa = PBXFileReference; lastKnownFileType = "wrapper.plug-in"; name = Settings.bundle; path = ../Settings.bundle; sourceTree = "<group>"; };
		6E66D3641502082D001BAE53 /* solat.plist */ = {isa = PBXFileReference; fileEncoding = 4; lastKnownFileType = text.plist.xml; path = solat.plist; sourceTree = "<group>"; };
		6E66D38B150246C9001BAE53 /* headerView.png */ = {isa = PBXFileReference; lastKnownFileType = image.png; name = headerView.png; path = WaktuSolat/headerView.png; sourceTree = "<group>"; };
		6E66D38C150246C9001BAE53 /* headerView@2x.png */ = {isa = PBXFileReference; lastKnownFileType = image.png; name = "headerView@2x.png"; path = "WaktuSolat/headerView@2x.png"; sourceTree = "<group>"; };
		6E779543160F49B6009504D9 /* Default-568h@2x.png */ = {isa = PBXFileReference; lastKnownFileType = image.png; name = "Default-568h@2x.png"; path = "WaktuSolat/Default-568h@2x.png"; sourceTree = "<group>"; };
		6E779555160F531B009504D9 /* sidebarButton.png */ = {isa = PBXFileReference; lastKnownFileType = image.png; name = sidebarButton.png; path = WaktuSolat/sidebarButton.png; sourceTree = "<group>"; };
		6E779556160F531B009504D9 /* sidebarButton@2x.png */ = {isa = PBXFileReference; lastKnownFileType = image.png; name = "sidebarButton@2x.png"; path = "WaktuSolat/sidebarButton@2x.png"; sourceTree = "<group>"; };
		6E77955E160F5EF5009504D9 /* zohor.png */ = {isa = PBXFileReference; lastKnownFileType = image.png; name = zohor.png; path = WaktuSolat/zohor.png; sourceTree = "<group>"; };
		6E77955F160F5EF5009504D9 /* zohor@2x.png */ = {isa = PBXFileReference; lastKnownFileType = image.png; name = "zohor@2x.png"; path = "WaktuSolat/zohor@2x.png"; sourceTree = "<group>"; };
		6E779562160F6000009504D9 /* imsak.png */ = {isa = PBXFileReference; lastKnownFileType = image.png; name = imsak.png; path = WaktuSolat/imsak.png; sourceTree = "<group>"; };
		6E779563160F6000009504D9 /* imsak@2x.png */ = {isa = PBXFileReference; lastKnownFileType = image.png; name = "imsak@2x.png"; path = "WaktuSolat/imsak@2x.png"; sourceTree = "<group>"; };
		6E779566160F60A8009504D9 /* subuh.png */ = {isa = PBXFileReference; lastKnownFileType = image.png; name = subuh.png; path = WaktuSolat/subuh.png; sourceTree = "<group>"; };
		6E779567160F60A8009504D9 /* subuh@2x.png */ = {isa = PBXFileReference; lastKnownFileType = image.png; name = "subuh@2x.png"; path = "WaktuSolat/subuh@2x.png"; sourceTree = "<group>"; };
		6E77956A160F614B009504D9 /* syuruk.png */ = {isa = PBXFileReference; lastKnownFileType = image.png; name = syuruk.png; path = WaktuSolat/syuruk.png; sourceTree = "<group>"; };
		6E77956B160F614B009504D9 /* syuruk@2x.png */ = {isa = PBXFileReference; lastKnownFileType = image.png; name = "syuruk@2x.png"; path = "WaktuSolat/syuruk@2x.png"; sourceTree = "<group>"; };
		6E77956E160F6205009504D9 /* asar.png */ = {isa = PBXFileReference; lastKnownFileType = image.png; name = asar.png; path = WaktuSolat/asar.png; sourceTree = "<group>"; };
		6E77956F160F6205009504D9 /* asar@2x.png */ = {isa = PBXFileReference; lastKnownFileType = image.png; name = "asar@2x.png"; path = "WaktuSolat/asar@2x.png"; sourceTree = "<group>"; };
		6E779572160F6256009504D9 /* maghrib.png */ = {isa = PBXFileReference; lastKnownFileType = image.png; name = maghrib.png; path = WaktuSolat/maghrib.png; sourceTree = "<group>"; };
		6E779573160F6257009504D9 /* maghrib@2x.png */ = {isa = PBXFileReference; lastKnownFileType = image.png; name = "maghrib@2x.png"; path = "WaktuSolat/maghrib@2x.png"; sourceTree = "<group>"; };
		6E779576160F6307009504D9 /* isyak.png */ = {isa = PBXFileReference; lastKnownFileType = image.png; name = isyak.png; path = WaktuSolat/isyak.png; sourceTree = "<group>"; };
		6E779577160F6307009504D9 /* isyak@2x.png */ = {isa = PBXFileReference; lastKnownFileType = image.png; name = "isyak@2x.png"; path = "WaktuSolat/isyak@2x.png"; sourceTree = "<group>"; };
		6E7795B3160F8054009504D9 /* backButton.png */ = {isa = PBXFileReference; lastKnownFileType = image.png; name = backButton.png; path = WaktuSolat/backButton.png; sourceTree = "<group>"; };
		6E7795B4160F8054009504D9 /* backButton@2x.png */ = {isa = PBXFileReference; lastKnownFileType = image.png; name = "backButton@2x.png"; path = "WaktuSolat/backButton@2x.png"; sourceTree = "<group>"; };
		6E7795B7160F8A1D009504D9 /* cellBackground.png */ = {isa = PBXFileReference; lastKnownFileType = image.png; name = cellBackground.png; path = WaktuSolat/cellBackground.png; sourceTree = "<group>"; };
		6E7795B8160F8A1D009504D9 /* cellBackground@2x.png */ = {isa = PBXFileReference; lastKnownFileType = image.png; name = "cellBackground@2x.png"; path = "WaktuSolat/cellBackground@2x.png"; sourceTree = "<group>"; };
		6E7795BB160F8DFF009504D9 /* mainBackground.png */ = {isa = PBXFileReference; lastKnownFileType = image.png; name = mainBackground.png; path = WaktuSolat/mainBackground.png; sourceTree = "<group>"; };
		6E7795BC160F8DFF009504D9 /* mainBackground@2x.png */ = {isa = PBXFileReference; lastKnownFileType = image.png; name = "mainBackground@2x.png"; path = "WaktuSolat/mainBackground@2x.png"; sourceTree = "<group>"; };
		6E7795C4160F9FAE009504D9 /* back-arrow.png */ = {isa = PBXFileReference; lastKnownFileType = image.png; path = "back-arrow.png"; sourceTree = "<group>"; };
		6E7795C5160F9FAE009504D9 /* back-arrow@2x.png */ = {isa = PBXFileReference; lastKnownFileType = image.png; path = "back-arrow@2x.png"; sourceTree = "<group>"; };
		6E7795C8160F9FAE009504D9 /* MFSideMenu.h */ = {isa = PBXFileReference; fileEncoding = 4; lastKnownFileType = sourcecode.c.h; path = MFSideMenu.h; sourceTree = "<group>"; };
		6E7795C9160F9FAE009504D9 /* MFSideMenuManager.h */ = {isa = PBXFileReference; fileEncoding = 4; lastKnownFileType = sourcecode.c.h; path = MFSideMenuManager.h; sourceTree = "<group>"; };
		6E7795CA160F9FAE009504D9 /* MFSideMenuManager.m */ = {isa = PBXFileReference; fileEncoding = 4; lastKnownFileType = sourcecode.c.objc; path = MFSideMenuManager.m; sourceTree = "<group>"; };
		6E7795CB160F9FAE009504D9 /* UIViewController+MFSideMenu.h */ = {isa = PBXFileReference; fileEncoding = 4; lastKnownFileType = sourcecode.c.h; path = "UIViewController+MFSideMenu.h"; sourceTree = "<group>"; };
		6E7795CC160F9FAE009504D9 /* UIViewController+MFSideMenu.m */ = {isa = PBXFileReference; fileEncoding = 4; lastKnownFileType = sourcecode.c.objc; path = "UIViewController+MFSideMenu.m"; sourceTree = "<group>"; };
		6E7795D7160FA040009504D9 /* SideMenuViewController.h */ = {isa = PBXFileReference; fileEncoding = 4; lastKnownFileType = sourcecode.c.h; path = SideMenuViewController.h; sourceTree = "<group>"; };
		6E7795D8160FA040009504D9 /* SideMenuViewController.m */ = {isa = PBXFileReference; fileEncoding = 4; lastKnownFileType = sourcecode.c.objc; path = SideMenuViewController.m; sourceTree = "<group>"; };
		6E7795DA160FA818009504D9 /* sidebarCell.png */ = {isa = PBXFileReference; lastKnownFileType = image.png; name = sidebarCell.png; path = WaktuSolat/sidebarCell.png; sourceTree = "<group>"; };
		6E7795DB160FA818009504D9 /* sidebarCell@2x.png */ = {isa = PBXFileReference; lastKnownFileType = image.png; name = "sidebarCell@2x.png"; path = "WaktuSolat/sidebarCell@2x.png"; sourceTree = "<group>"; };
		6E7795DE160FA9C1009504D9 /* sidebarCellSelected.png */ = {isa = PBXFileReference; lastKnownFileType = image.png; name = sidebarCellSelected.png; path = WaktuSolat/sidebarCellSelected.png; sourceTree = "<group>"; };
		6E7795DF160FA9C1009504D9 /* sidebarCellSelected@2x.png */ = {isa = PBXFileReference; lastKnownFileType = image.png; name = "sidebarCellSelected@2x.png"; path = "WaktuSolat/sidebarCellSelected@2x.png"; sourceTree = "<group>"; };
		6E7795F2160FBFF8009504D9 /* icnGeolocation.png */ = {isa = PBXFileReference; lastKnownFileType = image.png; name = icnGeolocation.png; path = WaktuSolat/icnGeolocation.png; sourceTree = "<group>"; };
		6E7795F3160FBFF8009504D9 /* icnGeolocation@2x.png */ = {isa = PBXFileReference; lastKnownFileType = image.png; name = "icnGeolocation@2x.png"; path = "WaktuSolat/icnGeolocation@2x.png"; sourceTree = "<group>"; };
		6E7795F6160FC106009504D9 /* icnQibla.png */ = {isa = PBXFileReference; lastKnownFileType = image.png; name = icnQibla.png; path = WaktuSolat/icnQibla.png; sourceTree = "<group>"; };
		6E7795F7160FC106009504D9 /* icnQibla@2x.png */ = {isa = PBXFileReference; lastKnownFileType = image.png; name = "icnQibla@2x.png"; path = "WaktuSolat/icnQibla@2x.png"; sourceTree = "<group>"; };
		6E7795FA160FC162009504D9 /* icnNotification.png */ = {isa = PBXFileReference; lastKnownFileType = image.png; name = icnNotification.png; path = WaktuSolat/icnNotification.png; sourceTree = "<group>"; };
		6E7795FB160FC162009504D9 /* icnNotification@2x.png */ = {isa = PBXFileReference; lastKnownFileType = image.png; name = "icnNotification@2x.png"; path = "WaktuSolat/icnNotification@2x.png"; sourceTree = "<group>"; };
		6E7795FE160FC1EC009504D9 /* icnSettings.png */ = {isa = PBXFileReference; lastKnownFileType = image.png; name = icnSettings.png; path = WaktuSolat/icnSettings.png; sourceTree = "<group>"; };
		6E7795FF160FC1EC009504D9 /* icnSettings@2x.png */ = {isa = PBXFileReference; lastKnownFileType = image.png; name = "icnSettings@2x.png"; path = "WaktuSolat/icnSettings@2x.png"; sourceTree = "<group>"; };
		6E779602160FC236009504D9 /* icnFeedback.png */ = {isa = PBXFileReference; lastKnownFileType = image.png; name = icnFeedback.png; path = WaktuSolat/icnFeedback.png; sourceTree = "<group>"; };
		6E779603160FC236009504D9 /* icnFeedback@2x.png */ = {isa = PBXFileReference; lastKnownFileType = image.png; name = "icnFeedback@2x.png"; path = "WaktuSolat/icnFeedback@2x.png"; sourceTree = "<group>"; };
		6E779606160FC27D009504D9 /* icnCode.png */ = {isa = PBXFileReference; lastKnownFileType = image.png; name = icnCode.png; path = WaktuSolat/icnCode.png; sourceTree = "<group>"; };
		6E779607160FC27D009504D9 /* icnCode@2x.png */ = {isa = PBXFileReference; lastKnownFileType = image.png; name = "icnCode@2x.png"; path = "WaktuSolat/icnCode@2x.png"; sourceTree = "<group>"; };
		6E77960A160FC712009504D9 /* icnHome.png */ = {isa = PBXFileReference; lastKnownFileType = image.png; name = icnHome.png; path = WaktuSolat/icnHome.png; sourceTree = "<group>"; };
		6E77960B160FC712009504D9 /* icnHome@2x.png */ = {isa = PBXFileReference; lastKnownFileType = image.png; name = "icnHome@2x.png"; path = "WaktuSolat/icnHome@2x.png"; sourceTree = "<group>"; };
		6E77960E160FCB1D009504D9 /* cellBackgroundLocation.png */ = {isa = PBXFileReference; lastKnownFileType = image.png; name = cellBackgroundLocation.png; path = WaktuSolat/cellBackgroundLocation.png; sourceTree = "<group>"; };
		6E77960F160FCB1E009504D9 /* cellBackgroundLocation@2x.png */ = {isa = PBXFileReference; lastKnownFileType = image.png; name = "cellBackgroundLocation@2x.png"; path = "WaktuSolat/cellBackgroundLocation@2x.png"; sourceTree = "<group>"; };
		6E779612160FFF0A009504D9 /* ProximaNova-Bold.otf */ = {isa = PBXFileReference; lastKnownFileType = file; path = "ProximaNova-Bold.otf"; sourceTree = "<group>"; };
		6E77961416100077009504D9 /* ProximaNova-Semibold.otf */ = {isa = PBXFileReference; lastKnownFileType = file; path = "ProximaNova-Semibold.otf"; sourceTree = "<group>"; };
		6E77961616100364009504D9 /* proBadge.png */ = {isa = PBXFileReference; lastKnownFileType = image.png; name = proBadge.png; path = WaktuSolat/proBadge.png; sourceTree = "<group>"; };
		6E77961716100364009504D9 /* proBadge@2x.png */ = {isa = PBXFileReference; lastKnownFileType = image.png; name = "proBadge@2x.png"; path = "WaktuSolat/proBadge@2x.png"; sourceTree = "<group>"; };
		6EB5F5051500F1AA00AF21BA /* libxml2.dylib */ = {isa = PBXFileReference; lastKnownFileType = "compiled.mach-o.dylib"; name = libxml2.dylib; path = usr/lib/libxml2.dylib; sourceTree = SDKROOT; };
		6EB5F5071500F2AC00AF21BA /* icon.png */ = {isa = PBXFileReference; lastKnownFileType = image.png; name = icon.png; path = WaktuSolat/icon.png; sourceTree = "<group>"; };
		6EB5F5081500F2AC00AF21BA /* icon@2x.png */ = {isa = PBXFileReference; lastKnownFileType = image.png; name = "icon@2x.png"; path = "WaktuSolat/icon@2x.png"; sourceTree = "<group>"; };
		6EB5F5111500F31F00AF21BA /* JakimPrayerTime.h */ = {isa = PBXFileReference; fileEncoding = 4; lastKnownFileType = sourcecode.c.h; path = JakimPrayerTime.h; sourceTree = "<group>"; };
		6EB5F5121500F31F00AF21BA /* JakimPrayerTime.m */ = {isa = PBXFileReference; fileEncoding = 4; lastKnownFileType = sourcecode.c.objc; path = JakimPrayerTime.m; sourceTree = "<group>"; };
		6EB5F5131500F31F00AF21BA /* JakimSolatParser.h */ = {isa = PBXFileReference; fileEncoding = 4; lastKnownFileType = sourcecode.c.h; path = JakimSolatParser.h; sourceTree = "<group>"; };
		6EB5F5141500F31F00AF21BA /* JakimSolatParser.m */ = {isa = PBXFileReference; fileEncoding = 4; lastKnownFileType = sourcecode.c.objc; path = JakimSolatParser.m; sourceTree = "<group>"; };
		6EB5F5151500F31F00AF21BA /* XPathQuery.h */ = {isa = PBXFileReference; fileEncoding = 4; lastKnownFileType = sourcecode.c.h; path = XPathQuery.h; sourceTree = "<group>"; };
		6EB5F5161500F31F00AF21BA /* XPathQuery.m */ = {isa = PBXFileReference; fileEncoding = 4; lastKnownFileType = sourcecode.c.objc; path = XPathQuery.m; sourceTree = "<group>"; };
		6EB5F51A1500F3F200AF21BA /* WaktuSolatViewController.h */ = {isa = PBXFileReference; fileEncoding = 4; lastKnownFileType = sourcecode.c.h; path = WaktuSolatViewController.h; sourceTree = "<group>"; };
		6EB5F51B1500F3F200AF21BA /* WaktuSolatViewController.m */ = {isa = PBXFileReference; fileEncoding = 4; lastKnownFileType = sourcecode.c.objc; path = WaktuSolatViewController.m; sourceTree = "<group>"; };
		6EB5F51C1500F3F200AF21BA /* WaktuSolatViewController.xib */ = {isa = PBXFileReference; fileEncoding = 4; lastKnownFileType = file.xib; path = WaktuSolatViewController.xib; sourceTree = "<group>"; };
		6EC72AD61539918100EA8132 /* toolbar_img.png */ = {isa = PBXFileReference; lastKnownFileType = image.png; name = toolbar_img.png; path = WaktuSolat/toolbar_img.png; sourceTree = "<group>"; };
		6EC72AD71539918100EA8132 /* toolbar_img@2x.png */ = {isa = PBXFileReference; lastKnownFileType = image.png; name = "toolbar_img@2x.png"; path = "WaktuSolat/toolbar_img@2x.png"; sourceTree = "<group>"; };
		6ECFFB4514F8E8FA00151025 /* eSolat.plist */ = {isa = PBXFileReference; fileEncoding = 4; lastKnownFileType = text.plist.xml; path = eSolat.plist; sourceTree = "<group>"; };
		6EE54955156E2D4A00CAA0EF /* btn_settings.png */ = {isa = PBXFileReference; lastKnownFileType = image.png; name = btn_settings.png; path = WaktuSolat/btn_settings.png; sourceTree = "<group>"; };
		6EE54956156E2D4A00CAA0EF /* btn_settings@2x.png */ = {isa = PBXFileReference; lastKnownFileType = image.png; name = "btn_settings@2x.png"; path = "WaktuSolat/btn_settings@2x.png"; sourceTree = "<group>"; };
		9F86DBA714F8E20500606189 /* WaktuSolat.app */ = {isa = PBXFileReference; explicitFileType = wrapper.application; includeInIndex = 0; path = WaktuSolat.app; sourceTree = BUILT_PRODUCTS_DIR; };
		9F86DBAB14F8E20500606189 /* UIKit.framework */ = {isa = PBXFileReference; lastKnownFileType = wrapper.framework; name = UIKit.framework; path = System/Library/Frameworks/UIKit.framework; sourceTree = SDKROOT; };
		9F86DBAD14F8E20500606189 /* Foundation.framework */ = {isa = PBXFileReference; lastKnownFileType = wrapper.framework; name = Foundation.framework; path = System/Library/Frameworks/Foundation.framework; sourceTree = SDKROOT; };
		9F86DBAF14F8E20500606189 /* CoreGraphics.framework */ = {isa = PBXFileReference; lastKnownFileType = wrapper.framework; name = CoreGraphics.framework; path = System/Library/Frameworks/CoreGraphics.framework; sourceTree = SDKROOT; };
		9F86DBB314F8E20500606189 /* WaktuSolat-Info.plist */ = {isa = PBXFileReference; lastKnownFileType = text.plist.xml; path = "WaktuSolat-Info.plist"; sourceTree = "<group>"; };
		9F86DBB514F8E20500606189 /* en */ = {isa = PBXFileReference; lastKnownFileType = text.plist.strings; name = en; path = en.lproj/InfoPlist.strings; sourceTree = "<group>"; };
		9F86DBB714F8E20500606189 /* main.m */ = {isa = PBXFileReference; lastKnownFileType = sourcecode.c.objc; path = main.m; sourceTree = "<group>"; };
		9F86DBB914F8E20500606189 /* WaktuSolat-Prefix.pch */ = {isa = PBXFileReference; lastKnownFileType = sourcecode.c.h; path = "WaktuSolat-Prefix.pch"; sourceTree = "<group>"; };
		9F86DBBA14F8E20500606189 /* AppDelegate.h */ = {isa = PBXFileReference; lastKnownFileType = sourcecode.c.h; path = AppDelegate.h; sourceTree = "<group>"; };
		9F86DBBB14F8E20500606189 /* AppDelegate.m */ = {isa = PBXFileReference; lastKnownFileType = sourcecode.c.objc; path = AppDelegate.m; sourceTree = "<group>"; };
		9F86DBBD14F8E20500606189 /* KawasanViewController.h */ = {isa = PBXFileReference; lastKnownFileType = sourcecode.c.h; path = KawasanViewController.h; sourceTree = "<group>"; };
		9F86DBBE14F8E20500606189 /* KawasanViewController.m */ = {isa = PBXFileReference; lastKnownFileType = sourcecode.c.objc; path = KawasanViewController.m; sourceTree = "<group>"; };
		9F86DBC114F8E20500606189 /* en */ = {isa = PBXFileReference; lastKnownFileType = file.xib; name = en; path = en.lproj/KawasanViewController.xib; sourceTree = "<group>"; };
/* End PBXFileReference section */

/* Begin PBXFrameworksBuildPhase section */
		9F86DBA414F8E20500606189 /* Frameworks */ = {
			isa = PBXFrameworksBuildPhase;
			buildActionMask = 2147483647;
			files = (
				6E5AB21015CF19E700CECDE3 /* MessageUI.framework in Frameworks */,
				6E2974ED1505EC77001A2FEE /* QuartzCore.framework in Frameworks */,
				6EB5F5061500F1AA00AF21BA /* libxml2.dylib in Frameworks */,
				9F86DBAC14F8E20500606189 /* UIKit.framework in Frameworks */,
				9F86DBAE14F8E20500606189 /* Foundation.framework in Frameworks */,
				9F86DBB014F8E20500606189 /* CoreGraphics.framework in Frameworks */,
			);
			runOnlyForDeploymentPostprocessing = 0;
		};
/* End PBXFrameworksBuildPhase section */

/* Begin PBXGroup section */
		6E5AB25315CF21CD00CECDE3 /* Classes */ = {
			isa = PBXGroup;
			children = (
				9F86DBBA14F8E20500606189 /* AppDelegate.h */,
				9F86DBBB14F8E20500606189 /* AppDelegate.m */,
				9F86DBBD14F8E20500606189 /* KawasanViewController.h */,
				9F86DBBE14F8E20500606189 /* KawasanViewController.m */,
				9F86DBC014F8E20500606189 /* KawasanViewController.xib */,
				6EB5F51A1500F3F200AF21BA /* WaktuSolatViewController.h */,
				6EB5F51B1500F3F200AF21BA /* WaktuSolatViewController.m */,
				6EB5F51C1500F3F200AF21BA /* WaktuSolatViewController.xib */,
				6E15B29015C7D08700789D78 /* SettingsViewController.h */,
				6E15B29115C7D08700789D78 /* SettingsViewController.m */,
				6E15B29215C7D08700789D78 /* SettingsViewController.xib */,
				6E7795D7160FA040009504D9 /* SideMenuViewController.h */,
				6E7795D8160FA040009504D9 /* SideMenuViewController.m */,
			);
			name = Classes;
			sourceTree = "<group>";
		};
		6E66D3621501FC4C001BAE53 /* JakimSolatWrapper */ = {
			isa = PBXGroup;
			children = (
				6EB5F5111500F31F00AF21BA /* JakimPrayerTime.h */,
				6EB5F5121500F31F00AF21BA /* JakimPrayerTime.m */,
				6EB5F5131500F31F00AF21BA /* JakimSolatParser.h */,
				6EB5F5141500F31F00AF21BA /* JakimSolatParser.m */,
				6EB5F5151500F31F00AF21BA /* XPathQuery.h */,
				6EB5F5161500F31F00AF21BA /* XPathQuery.m */,
			);
			name = JakimSolatWrapper;
			sourceTree = "<group>";
		};
		6E7795C3160F9FAE009504D9 /* MFSideMenu */ = {
			isa = PBXGroup;
			children = (
				6E7795C4160F9FAE009504D9 /* back-arrow.png */,
				6E7795C5160F9FAE009504D9 /* back-arrow@2x.png */,
				6E7795C8160F9FAE009504D9 /* MFSideMenu.h */,
				6E7795C9160F9FAE009504D9 /* MFSideMenuManager.h */,
				6E7795CA160F9FAE009504D9 /* MFSideMenuManager.m */,
				6E7795CB160F9FAE009504D9 /* UIViewController+MFSideMenu.h */,
				6E7795CC160F9FAE009504D9 /* UIViewController+MFSideMenu.m */,
			);
			path = MFSideMenu;
			sourceTree = "<group>";
		};
		6EB5F5031500EFF600AF21BA /* Images */ = {
			isa = PBXGroup;
			children = (
				6E779562160F6000009504D9 /* imsak.png */,
				6E779563160F6000009504D9 /* imsak@2x.png */,
				6E779566160F60A8009504D9 /* subuh.png */,
				6E779567160F60A8009504D9 /* subuh@2x.png */,
				6E77956A160F614B009504D9 /* syuruk.png */,
				6E77956B160F614B009504D9 /* syuruk@2x.png */,
				6E77955E160F5EF5009504D9 /* zohor.png */,
				6E77955F160F5EF5009504D9 /* zohor@2x.png */,
				6E77956E160F6205009504D9 /* asar.png */,
				6E77956F160F6205009504D9 /* asar@2x.png */,
				6E779572160F6256009504D9 /* maghrib.png */,
				6E779573160F6257009504D9 /* maghrib@2x.png */,
				6E779576160F6307009504D9 /* isyak.png */,
				6E779577160F6307009504D9 /* isyak@2x.png */,
				6E7795B3160F8054009504D9 /* backButton.png */,
				6E7795B4160F8054009504D9 /* backButton@2x.png */,
				6E7795B7160F8A1D009504D9 /* cellBackground.png */,
				6E7795B8160F8A1D009504D9 /* cellBackground@2x.png */,
				6E77960E160FCB1D009504D9 /* cellBackgroundLocation.png */,
				6E77960F160FCB1E009504D9 /* cellBackgroundLocation@2x.png */,
				6E14569315C7DC94005AC6EA /* bg_settings.png */,
				6E14569415C7DC94005AC6EA /* bg_settings@2x.png */,
				6EE54955156E2D4A00CAA0EF /* btn_settings.png */,
				6EE54956156E2D4A00CAA0EF /* btn_settings@2x.png */,
				6E7795BB160F8DFF009504D9 /* mainBackground.png */,
				6E7795BC160F8DFF009504D9 /* mainBackground@2x.png */,
				6E4C77311510895900B46D7A /* Default.png */,
				6E4C77321510895900B46D7A /* Default@2x.png */,
				6E779543160F49B6009504D9 /* Default-568h@2x.png */,
				6E66D38B150246C9001BAE53 /* headerView.png */,
				6E66D38C150246C9001BAE53 /* headerView@2x.png */,
				6EB5F5071500F2AC00AF21BA /* icon.png */,
				6EB5F5081500F2AC00AF21BA /* icon@2x.png */,
				6E4C77331510895900B46D7A /* nav_bar.png */,
				6E4C77341510895900B46D7A /* nav_bar@2x.png */,
				6E7795DA160FA818009504D9 /* sidebarCell.png */,
				6E7795DB160FA818009504D9 /* sidebarCell@2x.png */,
				6E7795DE160FA9C1009504D9 /* sidebarCellSelected.png */,
				6E7795DF160FA9C1009504D9 /* sidebarCellSelected@2x.png */,
				6E779555160F531B009504D9 /* sidebarButton.png */,
				6E779556160F531B009504D9 /* sidebarButton@2x.png */,
				6E77960A160FC712009504D9 /* icnHome.png */,
				6E77960B160FC712009504D9 /* icnHome@2x.png */,
				6E7795F2160FBFF8009504D9 /* icnGeolocation.png */,
				6E7795F3160FBFF8009504D9 /* icnGeolocation@2x.png */,
				6E7795F6160FC106009504D9 /* icnQibla.png */,
				6E7795F7160FC106009504D9 /* icnQibla@2x.png */,
				6E7795FA160FC162009504D9 /* icnNotification.png */,
				6E7795FB160FC162009504D9 /* icnNotification@2x.png */,
				6E7795FE160FC1EC009504D9 /* icnSettings.png */,
				6E7795FF160FC1EC009504D9 /* icnSettings@2x.png */,
				6E779602160FC236009504D9 /* icnFeedback.png */,
				6E779603160FC236009504D9 /* icnFeedback@2x.png */,
				6E779606160FC27D009504D9 /* icnCode.png */,
				6E779607160FC27D009504D9 /* icnCode@2x.png */,
				6EC72AD61539918100EA8132 /* toolbar_img.png */,
				6EC72AD71539918100EA8132 /* toolbar_img@2x.png */,
				6E77961616100364009504D9 /* proBadge.png */,
				6E77961716100364009504D9 /* proBadge@2x.png */,
			);
			name = Images;
			path = ..;
			sourceTree = "<group>";
		};
		9F86DB9C14F8E20500606189 = {
			isa = PBXGroup;
			children = (
				9F86DBB114F8E20500606189 /* WaktuSolat */,
				9F86DBAA14F8E20500606189 /* Frameworks */,
				9F86DBA814F8E20500606189 /* Products */,
			);
			sourceTree = "<group>";
		};
		9F86DBA814F8E20500606189 /* Products */ = {
			isa = PBXGroup;
			children = (
				9F86DBA714F8E20500606189 /* WaktuSolat.app */,
			);
			name = Products;
			sourceTree = "<group>";
		};
		9F86DBAA14F8E20500606189 /* Frameworks */ = {
			isa = PBXGroup;
			children = (
				6EB5F5051500F1AA00AF21BA /* libxml2.dylib */,
				6E5AB20F15CF19E700CECDE3 /* MessageUI.framework */,
				6E2974EC1505EC77001A2FEE /* QuartzCore.framework */,
				9F86DBAB14F8E20500606189 /* UIKit.framework */,
				9F86DBAD14F8E20500606189 /* Foundation.framework */,
				9F86DBAF14F8E20500606189 /* CoreGraphics.framework */,
			);
			name = Frameworks;
			sourceTree = "<group>";
		};
		9F86DBB114F8E20500606189 /* WaktuSolat */ = {
			isa = PBXGroup;
			children = (
				6E66D3621501FC4C001BAE53 /* JakimSolatWrapper */,
				6E7795C3160F9FAE009504D9 /* MFSideMenu */,
				6E5AB25315CF21CD00CECDE3 /* Classes */,
				6EB5F5031500EFF600AF21BA /* Images */,
				9F86DBB214F8E20500606189 /* Supporting Files */,
				6ECFFB4514F8E8FA00151025 /* eSolat.plist */,
				6E66D3641502082D001BAE53 /* solat.plist */,
				6E640A541513C1550030B1F1 /* Settings.bundle */,
			);
			path = WaktuSolat;
			sourceTree = "<group>";
		};
		9F86DBB214F8E20500606189 /* Supporting Files */ = {
			isa = PBXGroup;
			children = (
				6E77961416100077009504D9 /* ProximaNova-Semibold.otf */,
				6E779612160FFF0A009504D9 /* ProximaNova-Bold.otf */,
				9F86DBB314F8E20500606189 /* WaktuSolat-Info.plist */,
				9F86DBB414F8E20500606189 /* InfoPlist.strings */,
				9F86DBB714F8E20500606189 /* main.m */,
				9F86DBB914F8E20500606189 /* WaktuSolat-Prefix.pch */,
			);
			name = "Supporting Files";
			sourceTree = "<group>";
		};
/* End PBXGroup section */

/* Begin PBXNativeTarget section */
		9F86DBA614F8E20500606189 /* WaktuSolat */ = {
			isa = PBXNativeTarget;
			buildConfigurationList = 9F86DBC514F8E20500606189 /* Build configuration list for PBXNativeTarget "WaktuSolat" */;
			buildPhases = (
				9F86DBA314F8E20500606189 /* Sources */,
				9F86DBA414F8E20500606189 /* Frameworks */,
				9F86DBA514F8E20500606189 /* Resources */,
				6E6C918C152A0B91004FB62C /* ShellScript */,
			);
			buildRules = (
			);
			dependencies = (
			);
			name = WaktuSolat;
			productName = WaktuSolat;
			productReference = 9F86DBA714F8E20500606189 /* WaktuSolat.app */;
			productType = "com.apple.product-type.application";
		};
/* End PBXNativeTarget section */

/* Begin PBXProject section */
		9F86DB9E14F8E20500606189 /* Project object */ = {
			isa = PBXProject;
			attributes = {
				LastUpgradeCheck = 0430;
				ORGANIZATIONNAME = Wutmedia;
			};
			buildConfigurationList = 9F86DBA114F8E20500606189 /* Build configuration list for PBXProject "WaktuSolat" */;
			compatibilityVersion = "Xcode 3.2";
			developmentRegion = English;
			hasScannedForEncodings = 0;
			knownRegions = (
				en,
			);
			mainGroup = 9F86DB9C14F8E20500606189;
			productRefGroup = 9F86DBA814F8E20500606189 /* Products */;
			projectDirPath = "";
			projectRoot = "";
			targets = (
				9F86DBA614F8E20500606189 /* WaktuSolat */,
			);
		};
/* End PBXProject section */

/* Begin PBXResourcesBuildPhase section */
		9F86DBA514F8E20500606189 /* Resources */ = {
			isa = PBXResourcesBuildPhase;
			buildActionMask = 2147483647;
			files = (
				9F86DBB614F8E20500606189 /* InfoPlist.strings in Resources */,
				9F86DBC214F8E20500606189 /* KawasanViewController.xib in Resources */,
				6ECFFB4614F8E8FA00151025 /* eSolat.plist in Resources */,
				6EB5F5091500F2AC00AF21BA /* icon.png in Resources */,
				6EB5F50A1500F2AC00AF21BA /* icon@2x.png in Resources */,
				6EB5F51E1500F3F200AF21BA /* WaktuSolatViewController.xib in Resources */,
				6E66D3651502082D001BAE53 /* solat.plist in Resources */,
				6E66D393150246C9001BAE53 /* headerView.png in Resources */,
				6E66D394150246C9001BAE53 /* headerView@2x.png in Resources */,
				6E4C77351510895900B46D7A /* Default.png in Resources */,
				6E4C77361510895900B46D7A /* Default@2x.png in Resources */,
				6E4C77371510895900B46D7A /* nav_bar.png in Resources */,
				6E4C77381510895900B46D7A /* nav_bar@2x.png in Resources */,
				6E640A551513C1550030B1F1 /* Settings.bundle in Resources */,
				6EC72AD81539918100EA8132 /* toolbar_img.png in Resources */,
				6EC72AD91539918100EA8132 /* toolbar_img@2x.png in Resources */,
				6EE54957156E2D4A00CAA0EF /* btn_settings.png in Resources */,
				6EE54958156E2D4A00CAA0EF /* btn_settings@2x.png in Resources */,
				6E15B29415C7D08700789D78 /* SettingsViewController.xib in Resources */,
				6E14569515C7DC94005AC6EA /* bg_settings.png in Resources */,
				6E14569615C7DC94005AC6EA /* bg_settings@2x.png in Resources */,
				6E779544160F49B6009504D9 /* Default-568h@2x.png in Resources */,
				6E779557160F531B009504D9 /* sidebarButton.png in Resources */,
				6E779558160F531B009504D9 /* sidebarButton@2x.png in Resources */,
				6E779560160F5EF5009504D9 /* zohor.png in Resources */,
				6E779561160F5EF5009504D9 /* zohor@2x.png in Resources */,
				6E779564160F6000009504D9 /* imsak.png in Resources */,
				6E779565160F6000009504D9 /* imsak@2x.png in Resources */,
				6E779568160F60A8009504D9 /* subuh.png in Resources */,
				6E779569160F60A8009504D9 /* subuh@2x.png in Resources */,
				6E77956C160F614B009504D9 /* syuruk.png in Resources */,
				6E77956D160F614B009504D9 /* syuruk@2x.png in Resources */,
				6E779570160F6206009504D9 /* asar.png in Resources */,
				6E779571160F6206009504D9 /* asar@2x.png in Resources */,
				6E779574160F6257009504D9 /* maghrib.png in Resources */,
				6E779575160F6257009504D9 /* maghrib@2x.png in Resources */,
				6E779578160F6307009504D9 /* isyak.png in Resources */,
				6E779579160F6307009504D9 /* isyak@2x.png in Resources */,
				6E7795B5160F8054009504D9 /* backButton.png in Resources */,
				6E7795B6160F8054009504D9 /* backButton@2x.png in Resources */,
				6E7795B9160F8A1D009504D9 /* cellBackground.png in Resources */,
				6E7795BA160F8A1D009504D9 /* cellBackground@2x.png in Resources */,
				6E7795BD160F8DFF009504D9 /* mainBackground.png in Resources */,
				6E7795BE160F8DFF009504D9 /* mainBackground@2x.png in Resources */,
				6E7795CD160F9FAE009504D9 /* back-arrow.png in Resources */,
				6E7795CE160F9FAE009504D9 /* back-arrow@2x.png in Resources */,
				6E7795DC160FA818009504D9 /* sidebarCell.png in Resources */,
				6E7795DD160FA818009504D9 /* sidebarCell@2x.png in Resources */,
				6E7795E0160FA9C1009504D9 /* sidebarCellSelected.png in Resources */,
				6E7795E1160FA9C1009504D9 /* sidebarCellSelected@2x.png in Resources */,
				6E7795F4160FBFF8009504D9 /* icnGeolocation.png in Resources */,
				6E7795F5160FBFF8009504D9 /* icnGeolocation@2x.png in Resources */,
				6E7795F8160FC106009504D9 /* icnQibla.png in Resources */,
				6E7795F9160FC106009504D9 /* icnQibla@2x.png in Resources */,
				6E7795FC160FC162009504D9 /* icnNotification.png in Resources */,
				6E7795FD160FC162009504D9 /* icnNotification@2x.png in Resources */,
				6E779600160FC1EC009504D9 /* icnSettings.png in Resources */,
				6E779601160FC1EC009504D9 /* icnSettings@2x.png in Resources */,
				6E779604160FC236009504D9 /* icnFeedback.png in Resources */,
				6E779605160FC236009504D9 /* icnFeedback@2x.png in Resources */,
				6E779608160FC27D009504D9 /* icnCode.png in Resources */,
				6E779609160FC27D009504D9 /* icnCode@2x.png in Resources */,
				6E77960C160FC712009504D9 /* icnHome.png in Resources */,
				6E77960D160FC712009504D9 /* icnHome@2x.png in Resources */,
				6E779610160FCB1E009504D9 /* cellBackgroundLocation.png in Resources */,
				6E779611160FCB1E009504D9 /* cellBackgroundLocation@2x.png in Resources */,
				6E779613160FFF0A009504D9 /* ProximaNova-Bold.otf in Resources */,
				6E77961516100077009504D9 /* ProximaNova-Semibold.otf in Resources */,
				6E77961816100364009504D9 /* proBadge.png in Resources */,
				6E77961916100364009504D9 /* proBadge@2x.png in Resources */,
			);
			runOnlyForDeploymentPostprocessing = 0;
		};
/* End PBXResourcesBuildPhase section */

/* Begin PBXShellScriptBuildPhase section */
		6E6C918C152A0B91004FB62C /* ShellScript */ = {
			isa = PBXShellScriptBuildPhase;
			buildActionMask = 8;
			files = (
			);
			inputPaths = (
			);
			outputPaths = (
			);
			runOnlyForDeploymentPostprocessing = 1;
			shellScript = "";
			showEnvVarsInLog = 0;
		};
/* End PBXShellScriptBuildPhase section */

/* Begin PBXSourcesBuildPhase section */
		9F86DBA314F8E20500606189 /* Sources */ = {
			isa = PBXSourcesBuildPhase;
			buildActionMask = 2147483647;
			files = (
				9F86DBB814F8E20500606189 /* main.m in Sources */,
				9F86DBBC14F8E20500606189 /* AppDelegate.m in Sources */,
				9F86DBBF14F8E20500606189 /* KawasanViewController.m in Sources */,
				6EB5F5171500F31F00AF21BA /* JakimPrayerTime.m in Sources */,
				6EB5F5181500F31F00AF21BA /* JakimSolatParser.m in Sources */,
				6EB5F5191500F31F00AF21BA /* XPathQuery.m in Sources */,
				6EB5F51D1500F3F200AF21BA /* WaktuSolatViewController.m in Sources */,
				6E15B29315C7D08700789D78 /* SettingsViewController.m in Sources */,
				6E7795D1160F9FAE009504D9 /* MFSideMenuManager.m in Sources */,
				6E7795D2160F9FAE009504D9 /* UIViewController+MFSideMenu.m in Sources */,
				6E7795D9160FA040009504D9 /* SideMenuViewController.m in Sources */,
			);
			runOnlyForDeploymentPostprocessing = 0;
		};
/* End PBXSourcesBuildPhase section */

/* Begin PBXVariantGroup section */
		9F86DBB414F8E20500606189 /* InfoPlist.strings */ = {
			isa = PBXVariantGroup;
			children = (
				9F86DBB514F8E20500606189 /* en */,
			);
			name = InfoPlist.strings;
			sourceTree = "<group>";
		};
		9F86DBC014F8E20500606189 /* KawasanViewController.xib */ = {
			isa = PBXVariantGroup;
			children = (
				9F86DBC114F8E20500606189 /* en */,
			);
			name = KawasanViewController.xib;
			sourceTree = "<group>";
		};
/* End PBXVariantGroup section */

/* Begin XCBuildConfiguration section */
		9F86DBC314F8E20500606189 /* Debug */ = {
			isa = XCBuildConfiguration;
			buildSettings = {
				ALWAYS_SEARCH_USER_PATHS = NO;
				ARCHS = "$(ARCHS_STANDARD_32_BIT)";
				"CODE_SIGN_IDENTITY[sdk=iphoneos*]" = "iPhone Developer: Muhammad Syahmi Ismail (NSNRCCJ852)";
				COPY_PHASE_STRIP = NO;
				GCC_C_LANGUAGE_STANDARD = gnu99;
				GCC_DYNAMIC_NO_PIC = NO;
				GCC_OPTIMIZATION_LEVEL = 0;
				GCC_PREPROCESSOR_DEFINITIONS = (
					"DEBUG=1",
					"$(inherited)",
				);
				GCC_SYMBOLS_PRIVATE_EXTERN = NO;
				GCC_VERSION = com.apple.compilers.llvm.clang.1_0;
				GCC_WARN_ABOUT_RETURN_TYPE = YES;
				GCC_WARN_UNINITIALIZED_AUTOS = YES;
				GCC_WARN_UNUSED_VARIABLE = YES;
				IPHONEOS_DEPLOYMENT_TARGET = 5.0;
				"PROVISIONING_PROFILE[sdk=iphoneos*]" = "83EBA4F8-2B0C-42DA-8132-7A09E1B5B474";
				SDKROOT = iphoneos;
			};
			name = Debug;
		};
		9F86DBC414F8E20500606189 /* Release */ = {
			isa = XCBuildConfiguration;
			buildSettings = {
				ALWAYS_SEARCH_USER_PATHS = NO;
				ARCHS = "$(ARCHS_STANDARD_32_BIT)";
				"CODE_SIGN_IDENTITY[sdk=iphoneos*]" = "iPhone Developer: Muhammad Syahmi Ismail (NSNRCCJ852)";
				COPY_PHASE_STRIP = YES;
				GCC_C_LANGUAGE_STANDARD = gnu99;
				GCC_VERSION = com.apple.compilers.llvm.clang.1_0;
				GCC_WARN_ABOUT_RETURN_TYPE = YES;
				GCC_WARN_UNINITIALIZED_AUTOS = YES;
				GCC_WARN_UNUSED_VARIABLE = YES;
				IPHONEOS_DEPLOYMENT_TARGET = 5.0;
				OTHER_CFLAGS = "-DNS_BLOCK_ASSERTIONS=1";
				"PROVISIONING_PROFILE[sdk=iphoneos*]" = "83EBA4F8-2B0C-42DA-8132-7A09E1B5B474";
				SDKROOT = iphoneos;
				VALIDATE_PRODUCT = YES;
			};
			name = Release;
		};
		9F86DBC614F8E20500606189 /* Debug */ = {
			isa = XCBuildConfiguration;
			buildSettings = {
				FRAMEWORK_SEARCH_PATHS = (
					"$(inherited)",
					"\"$(SRCROOT)\"",
				);
				GCC_PRECOMPILE_PREFIX_HEADER = YES;
				GCC_PREFIX_HEADER = "WaktuSolat/WaktuSolat-Prefix.pch";
				"HEADER_SEARCH_PATHS[arch=*]" = /usr/include/libxml2;
				INFOPLIST_FILE = "WaktuSolat/WaktuSolat-Info.plist";
				IPHONEOS_DEPLOYMENT_TARGET = 4.3;
				PRODUCT_NAME = "$(TARGET_NAME)";
				TARGETED_DEVICE_FAMILY = 1;
				WRAPPER_EXTENSION = app;
			};
			name = Debug;
		};
		9F86DBC714F8E20500606189 /* Release */ = {
			isa = XCBuildConfiguration;
			buildSettings = {
				FRAMEWORK_SEARCH_PATHS = (
					"$(inherited)",
					"\"$(SRCROOT)\"",
				);
				GCC_PRECOMPILE_PREFIX_HEADER = YES;
				GCC_PREFIX_HEADER = "WaktuSolat/WaktuSolat-Prefix.pch";
				"HEADER_SEARCH_PATHS[arch=*]" = /usr/include/libxml2;
				INFOPLIST_FILE = "WaktuSolat/WaktuSolat-Info.plist";
				IPHONEOS_DEPLOYMENT_TARGET = 4.3;
				PRODUCT_NAME = "$(TARGET_NAME)";
				TARGETED_DEVICE_FAMILY = 1;
				WRAPPER_EXTENSION = app;
			};
			name = Release;
		};
/* End XCBuildConfiguration section */

/* Begin XCConfigurationList section */
		9F86DBA114F8E20500606189 /* Build configuration list for PBXProject "WaktuSolat" */ = {
			isa = XCConfigurationList;
			buildConfigurations = (
				9F86DBC314F8E20500606189 /* Debug */,
				9F86DBC414F8E20500606189 /* Release */,
			);
			defaultConfigurationIsVisible = 0;
			defaultConfigurationName = Debug;
		};
		9F86DBC514F8E20500606189 /* Build configuration list for PBXNativeTarget "WaktuSolat" */ = {
			isa = XCConfigurationList;
			buildConfigurations = (
				9F86DBC614F8E20500606189 /* Debug */,
				9F86DBC714F8E20500606189 /* Release */,
			);
			defaultConfigurationIsVisible = 0;
			defaultConfigurationName = Debug;
		};
/* End XCConfigurationList section */
	};
	rootObject = 9F86DB9E14F8E20500606189 /* Project object */;
}
